
Microsoft Visual Studio Solution File, Format Version 12.00
# Visual Studio 15
VisualStudioVersion = 15.0.28307.421
MinimumVisualStudioVersion = 10.0.40219.1
Project("{8BC9CEB8-8B4A-11D0-8D11-00A0C91BC942}") = "Sandbox", "Sandbox\Sandbox.vcxproj", "{74B4BD18-5CE0-419D-B06C-F79C2B7D8005}"
EndProject
Project("{8BC9CEB8-8B4A-11D0-8D11-00A0C91BC942}") = "KRYT", "KRYT\KRYT.vcxproj", "{ADC4730B-35F4-47A8-B579-C8FC0F38E427}"
EndProject
Global
	GlobalSection(SolutionConfigurationPlatforms) = preSolution
		Debug|x64 = Debug|x64
		Release|x64 = Release|x64
	EndGlobalSection
	GlobalSection(ProjectConfigurationPlatforms) = postSolution
		{ADC4730B-35F4-47A8-B579-C8FC0F38E427}.Debug|x64.ActiveCfg = Debug|x64
		{ADC4730B-35F4-47A8-B579-C8FC0F38E427}.Debug|x64.Build.0 = Debug|x64
		{ADC4730B-35F4-47A8-B579-C8FC0F38E427}.Release|x64.ActiveCfg = Release|x64
		{ADC4730B-35F4-47A8-B579-C8FC0F38E427}.Release|x64.Build.0 = Release|x64
		{74B4BD18-5CE0-419D-B06C-F79C2B7D8005}.Debug|x64.ActiveCfg = Debug|x64
		{74B4BD18-5CE0-419D-B06C-F79C2B7D8005}.Debug|x64.Build.0 = Debug|x64
		{74B4BD18-5CE0-419D-B06C-F79C2B7D8005}.Release|x64.ActiveCfg = Release|x64
		{74B4BD18-5CE0-419D-B06C-F79C2B7D8005}.Release|x64.Build.0 = Release|x64
	EndGlobalSection
	GlobalSection(SolutionProperties) = preSolution
		HideSolutionNode = FALSE
	EndGlobalSection
	GlobalSection(ExtensibilityGlobals) = postSolution
		SolutionGuid = {595CAF4A-6454-4F06-A6CC-FE4881AF31A7}
	EndGlobalSection
EndGlobal
