<?xml version="1.0" encoding="utf-8"?>
<Project ToolsVersion="4.0" xmlns="http://schemas.microsoft.com/developer/msbuild/2003">
  <ItemGroup>
    <Filter Include="KRYT">
      <UniqueIdentifier>{8F98877C-7BCF-880D-24BC-6E1010D2040F}</UniqueIdentifier>
    </Filter>
    <Filter Include="KRYT\Events">
      <UniqueIdentifier>{932D4819-FFE2-C00E-88D7-BAE5F48BB712}</UniqueIdentifier>
    </Filter>
    <Filter Include="KRYT\Platform">
      <UniqueIdentifier>{C3E527A8-2FA6-A3DE-F8E0-EC5B6460E8BA}</UniqueIdentifier>
    </Filter>
    <Filter Include="KRYT\Platform\Windows">
      <UniqueIdentifier>{FDA21471-690F-D06B-3203-68C99E2EF2D3}</UniqueIdentifier>
    </Filter>
  </ItemGroup>
  <ItemGroup>
    <ClInclude Include="src\KRYT.h" />
    <ClInclude Include="src\KRYT\Application.h">
      <Filter>KRYT</Filter>
    </ClInclude>
    <ClInclude Include="src\KRYT\Core.h">
      <Filter>KRYT</Filter>
    </ClInclude>
    <ClInclude Include="src\KRYT\EntryPoint.h">
      <Filter>KRYT</Filter>
    </ClInclude>
    <ClInclude Include="src\KRYT\Events\ApplicationEvent.h">
      <Filter>KRYT\Events</Filter>
    </ClInclude>
    <ClInclude Include="src\KRYT\Events\Event.h">
      <Filter>KRYT\Events</Filter>
    </ClInclude>
    <ClInclude Include="src\KRYT\Events\KeyEvent.h">
      <Filter>KRYT\Events</Filter>
    </ClInclude>
    <ClInclude Include="src\KRYT\Events\MouseEvent.h">
      <Filter>KRYT\Events</Filter>
    </ClInclude>
    <ClInclude Include="src\KRYT\Log.h">
      <Filter>KRYT</Filter>
    </ClInclude>
    <ClInclude Include="src\KRYT\Platform\Windows\WindowsWindow.h">
      <Filter>KRYT\Platform\Windows</Filter>
    </ClInclude>
    <ClInclude Include="src\KRYT\Window.h">
      <Filter>KRYT</Filter>
    </ClInclude>
    <ClInclude Include="src\KRpch.h" />
  </ItemGroup>
  <ItemGroup>
    <ClCompile Include="src\KRYT\Application.cpp">
      <Filter>KRYT</Filter>
    </ClCompile>
    <ClCompile Include="src\KRYT\Log.cpp">
      <Filter>KRYT</Filter>
    </ClCompile>
    <ClCompile Include="src\KRYT\Platform\Windows\WindowsWindow.cpp">
      <Filter>KRYT\Platform\Windows</Filter>
    </ClCompile>
    <ClCompile Include="src\KRpch.cpp" />
  </ItemGroup>
</Project>